
Microsoft Visual Studio Solution File, Format Version 12.00
# Visual Studio Version 17
VisualStudioVersion = 17.0.31903.59
MinimumVisualStudioVersion = 10.0.40219.1
Project("{FAE04EC0-301F-11D3-BF4B-00C04F79EFBC}") = "AniMediaNotifier.Domain", "AniMediaNotifier.Domain\AniMediaNotifier.Domain.csproj", "{790AB56A-4B66-45BA-9C49-A93A1754CBA7}"
EndProject
Project("{FAE04EC0-301F-11D3-BF4B-00C04F79EFBC}") = "AniMediaNotifier.Application", "AniMediaNotifier.Application\AniMediaNotifier.Application.csproj", "{8053BB67-EECD-4550-AEBA-59A6E75E8F13}"
EndProject
Project("{FAE04EC0-301F-11D3-BF4B-00C04F79EFBC}") = "AniMediaNotifier.Worker", "AniMediaNotifier.Worker\AniMediaNotifier.Worker.csproj", "{AB97AD44-5602-4F49-9E90-D92C0346AD0B}"
EndProject
Project("{FAE04EC0-301F-11D3-BF4B-00C04F79EFBC}") = "AniMediaNotifier.Infrastructure.Persistence", "AniMediaNotifier.Infrastructure.Persistence\AniMediaNotifier.Infrastructure.Persistence.csproj", "{C48D480A-8DDF-4101-9F54-68BD363D3215}"
EndProject
Project("{FAE04EC0-301F-11D3-BF4B-00C04F79EFBC}") = "AniMediaNotifier.Infrastructure.External", "AniMediaNotifier.Infrastructure.External\AniMediaNotifier.Infrastructure.External.csproj", "{50FA6905-5F62-41FD-8468-0B028EF5326E}"
EndProject
Project("{FAE04EC0-301F-11D3-BF4B-00C04F79EFBC}") = "AniMediaNotifier.Api", "AniMediaNotifier.Api\AniMediaNotifier.Api.csproj", "{6C4B6607-3E74-4DB7-B04C-DA4A0FC46444}"
EndProject
Global
	GlobalSection(SolutionConfigurationPlatforms) = preSolution
		Debug|Any CPU = Debug|Any CPU
		Debug|x64 = Debug|x64
		Debug|x86 = Debug|x86
		Release|Any CPU = Release|Any CPU
		Release|x64 = Release|x64
		Release|x86 = Release|x86
	EndGlobalSection
	GlobalSection(ProjectConfigurationPlatforms) = postSolution
		{790AB56A-4B66-45BA-9C49-A93A1754CBA7}.Debug|Any CPU.ActiveCfg = Debug|Any CPU
		{790AB56A-4B66-45BA-9C49-A93A1754CBA7}.Debug|Any CPU.Build.0 = Debug|Any CPU
		{790AB56A-4B66-45BA-9C49-A93A1754CBA7}.Debug|x64.ActiveCfg = Debug|Any CPU
		{790AB56A-4B66-45BA-9C49-A93A1754CBA7}.Debug|x64.Build.0 = Debug|Any CPU
		{790AB56A-4B66-45BA-9C49-A93A1754CBA7}.Debug|x86.ActiveCfg = Debug|Any CPU
		{790AB56A-4B66-45BA-9C49-A93A1754CBA7}.Debug|x86.Build.0 = Debug|Any CPU
		{790AB56A-4B66-45BA-9C49-A93A1754CBA7}.Release|Any CPU.ActiveCfg = Release|Any CPU
		{790AB56A-4B66-45BA-9C49-A93A1754CBA7}.Release|Any CPU.Build.0 = Release|Any CPU
		{790AB56A-4B66-45BA-9C49-A93A1754CBA7}.Release|x64.ActiveCfg = Release|Any CPU
		{790AB56A-4B66-45BA-9C49-A93A1754CBA7}.Release|x64.Build.0 = Release|Any CPU
		{790AB56A-4B66-45BA-9C49-A93A1754CBA7}.Release|x86.ActiveCfg = Release|Any CPU
		{790AB56A-4B66-45BA-9C49-A93A1754CBA7}.Release|x86.Build.0 = Release|Any CPU
		{8053BB67-EECD-4550-AEBA-59A6E75E8F13}.Debug|Any CPU.ActiveCfg = Debug|Any CPU
		{8053BB67-EECD-4550-AEBA-59A6E75E8F13}.Debug|Any CPU.Build.0 = Debug|Any CPU
		{8053BB67-EECD-4550-AEBA-59A6E75E8F13}.Debug|x64.ActiveCfg = Debug|Any CPU
		{8053BB67-EECD-4550-AEBA-59A6E75E8F13}.Debug|x64.Build.0 = Debug|Any CPU
		{8053BB67-EECD-4550-AEBA-59A6E75E8F13}.Debug|x86.ActiveCfg = Debug|Any CPU
		{8053BB67-EECD-4550-AEBA-59A6E75E8F13}.Debug|x86.Build.0 = Debug|Any CPU
		{8053BB67-EECD-4550-AEBA-59A6E75E8F13}.Release|Any CPU.ActiveCfg = Release|Any CPU
		{8053BB67-EECD-4550-AEBA-59A6E75E8F13}.Release|Any CPU.Build.0 = Release|Any CPU
		{8053BB67-EECD-4550-AEBA-59A6E75E8F13}.Release|x64.ActiveCfg = Release|Any CPU
		{8053BB67-EECD-4550-AEBA-59A6E75E8F13}.Release|x64.Build.0 = Release|Any CPU
		{8053BB67-EECD-4550-AEBA-59A6E75E8F13}.Release|x86.ActiveCfg = Release|Any CPU
		{8053BB67-EECD-4550-AEBA-59A6E75E8F13}.Release|x86.Build.0 = Release|Any CPU
		{AB97AD44-5602-4F49-9E90-D92C0346AD0B}.Debug|Any CPU.ActiveCfg = Debug|Any CPU
		{AB97AD44-5602-4F49-9E90-D92C0346AD0B}.Debug|Any CPU.Build.0 = Debug|Any CPU
		{AB97AD44-5602-4F49-9E90-D92C0346AD0B}.Debug|x64.ActiveCfg = Debug|Any CPU
		{AB97AD44-5602-4F49-9E90-D92C0346AD0B}.Debug|x64.Build.0 = Debug|Any CPU
		{AB97AD44-5602-4F49-9E90-D92C0346AD0B}.Debug|x86.ActiveCfg = Debug|Any CPU
		{AB97AD44-5602-4F49-9E90-D92C0346AD0B}.Debug|x86.Build.0 = Debug|Any CPU
		{AB97AD44-5602-4F49-9E90-D92C0346AD0B}.Release|Any CPU.ActiveCfg = Release|Any CPU
		{AB97AD44-5602-4F49-9E90-D92C0346AD0B}.Release|Any CPU.Build.0 = Release|Any CPU
		{AB97AD44-5602-4F49-9E90-D92C0346AD0B}.Release|x64.ActiveCfg = Release|Any CPU
		{AB97AD44-5602-4F49-9E90-D92C0346AD0B}.Release|x64.Build.0 = Release|Any CPU
		{AB97AD44-5602-4F49-9E90-D92C0346AD0B}.Release|x86.ActiveCfg = Release|Any CPU
		{AB97AD44-5602-4F49-9E90-D92C0346AD0B}.Release|x86.Build.0 = Release|Any CPU
		{C48D480A-8DDF-4101-9F54-68BD363D3215}.Debug|Any CPU.ActiveCfg = Debug|Any CPU
		{C48D480A-8DDF-4101-9F54-68BD363D3215}.Debug|Any CPU.Build.0 = Debug|Any CPU
		{C48D480A-8DDF-4101-9F54-68BD363D3215}.Debug|x64.ActiveCfg = Debug|Any CPU
		{C48D480A-8DDF-4101-9F54-68BD363D3215}.Debug|x64.Build.0 = Debug|Any CPU
		{C48D480A-8DDF-4101-9F54-68BD363D3215}.Debug|x86.ActiveCfg = Debug|Any CPU
		{C48D480A-8DDF-4101-9F54-68BD363D3215}.Debug|x86.Build.0 = Debug|Any CPU
		{C48D480A-8DDF-4101-9F54-68BD363D3215}.Release|Any CPU.ActiveCfg = Release|Any CPU
		{C48D480A-8DDF-4101-9F54-68BD363D3215}.Release|Any CPU.Build.0 = Release|Any CPU
		{C48D480A-8DDF-4101-9F54-68BD363D3215}.Release|x64.ActiveCfg = Release|Any CPU
		{C48D480A-8DDF-4101-9F54-68BD363D3215}.Release|x64.Build.0 = Release|Any CPU
		{C48D480A-8DDF-4101-9F54-68BD363D3215}.Release|x86.ActiveCfg = Release|Any CPU
		{C48D480A-8DDF-4101-9F54-68BD363D3215}.Release|x86.Build.0 = Release|Any CPU
		{50FA6905-5F62-41FD-8468-0B028EF5326E}.Debug|Any CPU.ActiveCfg = Debug|Any CPU
		{50FA6905-5F62-41FD-8468-0B028EF5326E}.Debug|Any CPU.Build.0 = Debug|Any CPU
		{50FA6905-5F62-41FD-8468-0B028EF5326E}.Debug|x64.ActiveCfg = Debug|Any CPU
		{50FA6905-5F62-41FD-8468-0B028EF5326E}.Debug|x64.Build.0 = Debug|Any CPU
		{50FA6905-5F62-41FD-8468-0B028EF5326E}.Debug|x86.ActiveCfg = Debug|Any CPU
		{50FA6905-5F62-41FD-8468-0B028EF5326E}.Debug|x86.Build.0 = Debug|Any CPU
		{50FA6905-5F62-41FD-8468-0B028EF5326E}.Release|Any CPU.ActiveCfg = Release|Any CPU
		{50FA6905-5F62-41FD-8468-0B028EF5326E}.Release|Any CPU.Build.0 = Release|Any CPU
		{50FA6905-5F62-41FD-8468-0B028EF5326E}.Release|x64.ActiveCfg = Release|Any CPU
		{50FA6905-5F62-41FD-8468-0B028EF5326E}.Release|x64.Build.0 = Release|Any CPU
		{50FA6905-5F62-41FD-8468-0B028EF5326E}.Release|x86.ActiveCfg = Release|Any CPU
		{50FA6905-5F62-41FD-8468-0B028EF5326E}.Release|x86.Build.0 = Release|Any CPU
		{6C4B6607-3E74-4DB7-B04C-DA4A0FC46444}.Debug|Any CPU.ActiveCfg = Debug|Any CPU
		{6C4B6607-3E74-4DB7-B04C-DA4A0FC46444}.Debug|Any CPU.Build.0 = Debug|Any CPU
		{6C4B6607-3E74-4DB7-B04C-DA4A0FC46444}.Debug|x64.ActiveCfg = Debug|Any CPU
		{6C4B6607-3E74-4DB7-B04C-DA4A0FC46444}.Debug|x64.Build.0 = Debug|Any CPU
		{6C4B6607-3E74-4DB7-B04C-DA4A0FC46444}.Debug|x86.ActiveCfg = Debug|Any CPU
		{6C4B6607-3E74-4DB7-B04C-DA4A0FC46444}.Debug|x86.Build.0 = Debug|Any CPU
		{6C4B6607-3E74-4DB7-B04C-DA4A0FC46444}.Release|Any CPU.ActiveCfg = Release|Any CPU
		{6C4B6607-3E74-4DB7-B04C-DA4A0FC46444}.Release|Any CPU.Build.0 = Release|Any CPU
		{6C4B6607-3E74-4DB7-B04C-DA4A0FC46444}.Release|x64.ActiveCfg = Release|Any CPU
		{6C4B6607-3E74-4DB7-B04C-DA4A0FC46444}.Release|x64.Build.0 = Release|Any CPU
		{6C4B6607-3E74-4DB7-B04C-DA4A0FC46444}.Release|x86.ActiveCfg = Release|Any CPU
		{6C4B6607-3E74-4DB7-B04C-DA4A0FC46444}.Release|x86.Build.0 = Release|Any CPU
	EndGlobalSection
	GlobalSection(SolutionProperties) = preSolution
		HideSolutionNode = FALSE
	EndGlobalSection
EndGlobal
